{
  "requires": true,
  "lockfileVersion": 1,
  "dependencies": {
    "vue-apexcharts": {
      "version": "1.2.7",
      "resolved": "https://registry.npmjs.org/vue-apexcharts/-/vue-apexcharts-1.2.7.tgz",
      "integrity": "sha512-Zp7dh1S2i4a1kkzIzHlDlTplwblYDtmxBX68IxiJGTeGNmziqZN6Zlg4DHgEb8FnKyhIDfED9/UadD20kFtz6g=="
    }
  }
}
